
Microsoft Visual Studio Solution File, Format Version 12.00
Project("{FAE04EC0-301F-11D3-BF4B-00C04F79EFBC}") = "Reactive.Example.API", "Reactive.Example.API\Reactive.Example.API.csproj", "{93473F4C-13BA-4E8C-B6FA-B94017B7554C}"
EndProject
Project("{FAE04EC0-301F-11D3-BF4B-00C04F79EFBC}") = "Reactive.Example.Processor", "Reactive.Example.Processor\Reactive.Example.Processor.csproj", "{25881FA5-E1B8-4AA4-A30D-28C37C0FD80C}"
EndProject
Project("{FAE04EC0-301F-11D3-BF4B-00C04F79EFBC}") = "Reactive.Example.Common", "Reactive.Example.Common\Reactive.Example.Common.csproj", "{C5F88CB8-BCE6-46B7-8BDC-E8F1EF9ED60C}"
EndProject
Project("{FAE04EC0-301F-11D3-BF4B-00C04F79EFBC}") = "Reactive.Example.DAL", "Reactive.Example.DAL\Reactive.Example.DAL.csproj", "{BC71628F-7E6F-423E-B64F-81623B22167C}"
EndProject
Global
	GlobalSection(SolutionConfigurationPlatforms) = preSolution
		Debug|Any CPU = Debug|Any CPU
		Release|Any CPU = Release|Any CPU
	EndGlobalSection
	GlobalSection(ProjectConfigurationPlatforms) = postSolution
		{93473F4C-13BA-4E8C-B6FA-B94017B7554C}.Debug|Any CPU.ActiveCfg = Debug|Any CPU
		{93473F4C-13BA-4E8C-B6FA-B94017B7554C}.Debug|Any CPU.Build.0 = Debug|Any CPU
		{93473F4C-13BA-4E8C-B6FA-B94017B7554C}.Release|Any CPU.ActiveCfg = Release|Any CPU
		{93473F4C-13BA-4E8C-B6FA-B94017B7554C}.Release|Any CPU.Build.0 = Release|Any CPU
		{25881FA5-E1B8-4AA4-A30D-28C37C0FD80C}.Debug|Any CPU.ActiveCfg = Debug|Any CPU
		{25881FA5-E1B8-4AA4-A30D-28C37C0FD80C}.Debug|Any CPU.Build.0 = Debug|Any CPU
		{25881FA5-E1B8-4AA4-A30D-28C37C0FD80C}.Release|Any CPU.ActiveCfg = Release|Any CPU
		{25881FA5-E1B8-4AA4-A30D-28C37C0FD80C}.Release|Any CPU.Build.0 = Release|Any CPU
		{C5F88CB8-BCE6-46B7-8BDC-E8F1EF9ED60C}.Debug|Any CPU.ActiveCfg = Debug|Any CPU
		{C5F88CB8-BCE6-46B7-8BDC-E8F1EF9ED60C}.Debug|Any CPU.Build.0 = Debug|Any CPU
		{C5F88CB8-BCE6-46B7-8BDC-E8F1EF9ED60C}.Release|Any CPU.ActiveCfg = Release|Any CPU
		{C5F88CB8-BCE6-46B7-8BDC-E8F1EF9ED60C}.Release|Any CPU.Build.0 = Release|Any CPU
		{BC71628F-7E6F-423E-B64F-81623B22167C}.Debug|Any CPU.ActiveCfg = Debug|Any CPU
		{BC71628F-7E6F-423E-B64F-81623B22167C}.Debug|Any CPU.Build.0 = Debug|Any CPU
		{BC71628F-7E6F-423E-B64F-81623B22167C}.Release|Any CPU.ActiveCfg = Release|Any CPU
		{BC71628F-7E6F-423E-B64F-81623B22167C}.Release|Any CPU.Build.0 = Release|Any CPU
	EndGlobalSection
EndGlobal
